
Microsoft Visual Studio Solution File, Format Version 12.00
# Visual Studio Version 17
VisualStudioVersion = 17.7.34221.43
MinimumVisualStudioVersion = 10.0.40219.1
Project("{FAE04EC0-301F-11D3-BF4B-00C04F79EFBC}") = "PictureViewer", "PictureViewer\PictureViewer.csproj", "{DFF7B99B-2961-49F1-8B5E-6301ABE9762A}"
EndProject
Global
	GlobalSection(SolutionConfigurationPlatforms) = preSolution
		Debug|Any CPU = Debug|Any CPU
		Release|Any CPU = Release|Any CPU
	EndGlobalSection
	GlobalSection(ProjectConfigurationPlatforms) = postSolution
		{DFF7B99B-2961-49F1-8B5E-6301ABE9762A}.Debug|Any CPU.ActiveCfg = Debug|Any CPU
		{DFF7B99B-2961-49F1-8B5E-6301ABE9762A}.Debug|Any CPU.Build.0 = Debug|Any CPU
		{DFF7B99B-2961-49F1-8B5E-6301ABE9762A}.Release|Any CPU.ActiveCfg = Release|Any CPU
		{DFF7B99B-2961-49F1-8B5E-6301ABE9762A}.Release|Any CPU.Build.0 = Release|Any CPU
	EndGlobalSection
	GlobalSection(SolutionProperties) = preSolution
		HideSolutionNode = FALSE
	EndGlobalSection
	GlobalSection(ExtensibilityGlobals) = postSolution
		SolutionGuid = {FC44014C-7A24-4D5B-8F4D-F3C82B40F4F5}
	EndGlobalSection
EndGlobal
